PODS:
  - Flutter (1.0.0)
  - flutter_olm (3.2.15):
    - Flutter
  - flutter_openssl_crypto (0.0.1):
    - Flutter
    - OpenSSL-Universal
  - FMDB/SQLCipher (2.7.10):
    - SQLCipher (~> 4.0)
  - OpenSSL-Universal (1.1.2200)
  - path_provider_foundation (0.0.1):
    - Flutter
    - FlutterMacOS
  - sqflite_sqlcipher (0.0.1):
    - Flutter
    - FMDB/SQLCipher (~> 2.7.5)
    - SQLCipher (= 4.5.6)
  - SQLCipher (4.5.6):
    - SQLCipher/standard (= 4.5.6)
  - SQLCipher/common (4.5.6)
  - SQLCipher/standard (4.5.6):
    - SQLCipher/common

DEPENDENCIES:
  - Flutter (from `Flutter`)
  - flutter_olm (from `.symlinks/plugins/flutter_olm/ios`)
  - flutter_openssl_crypto (from `.symlinks/plugins/flutter_openssl_crypto/ios`)
  - path_provider_foundation (from `.symlinks/plugins/path_provider_foundation/darwin`)
  - sqflite_sqlcipher (from `.symlinks/plugins/sqflite_sqlcipher/ios`)

SPEC REPOS:
  trunk:
    - FMDB
    - OpenSSL-Universal
    - SQLCipher

EXTERNAL SOURCES:
  Flutter:
    :path: Flutter
  flutter_olm:
    :path: ".symlinks/plugins/flutter_olm/ios"
  flutter_openssl_crypto:
    :path: ".symlinks/plugins/flutter_openssl_crypto/ios"
  path_provider_foundation:
    :path: ".symlinks/plugins/path_provider_foundation/darwin"
  sqflite_sqlcipher:
    :path: ".symlinks/plugins/sqflite_sqlcipher/ios"

SPEC CHECKSUMS:
  Flutter: e0871f40cf51350855a761d2e70bf5af5b9b5de7
  flutter_olm: 09de5ef4e9ea56523907f6692eacde735123b3e7
  flutter_openssl_crypto: 636ad25f56fbe0f45b9e13b8589540b341a486a1
  FMDB: eae540775bf7d0c87a5af926ae37af69effe5a19
  OpenSSL-Universal: 6e1ae0555546e604dbc632a2b9a24a9c46c41ef6
  path_provider_foundation: 3784922295ac71e43754bd15e0653ccfd36a147c
  sqflite_sqlcipher: 5749c67ab2d2984cda1417ce753b2acbe357f4d6
  SQLCipher: 838309284f29953a28ad2e81d87d55ea6b7c74fd

PODFILE CHECKSUM: 819463e6a0290f5a72f145ba7cde16e8b6ef0796

COCOAPODS: 1.14.3
